
Microsoft Visual Studio Solution File, Format Version 12.00
# Visual Studio Version 17
VisualStudioVersion = 17.13.35825.156 d17.13
MinimumVisualStudioVersion = 10.0.40219.1
Project("{FAE04EC0-301F-11D3-BF4B-00C04F79EFBC}") = "TugasPraktikum1", "TugasPraktikum1\TugasPraktikum1.csproj", "{8FB960B6-AA70-4023-81AF-C4208D5D03D4}"
EndProject
Global
	GlobalSection(SolutionConfigurationPlatforms) = preSolution
		Debug|Any CPU = Debug|Any CPU
		Release|Any CPU = Release|Any CPU
	EndGlobalSection
	GlobalSection(ProjectConfigurationPlatforms) = postSolution
		{8FB960B6-AA70-4023-81AF-C4208D5D03D4}.Debug|Any CPU.ActiveCfg = Debug|Any CPU
		{8FB960B6-AA70-4023-81AF-C4208D5D03D4}.Debug|Any CPU.Build.0 = Debug|Any CPU
		{8FB960B6-AA70-4023-81AF-C4208D5D03D4}.Release|Any CPU.ActiveCfg = Release|Any CPU
		{8FB960B6-AA70-4023-81AF-C4208D5D03D4}.Release|Any CPU.Build.0 = Release|Any CPU
	EndGlobalSection
	GlobalSection(SolutionProperties) = preSolution
		HideSolutionNode = FALSE
	EndGlobalSection
	GlobalSection(ExtensibilityGlobals) = postSolution
		SolutionGuid = {8C7937E5-FDE7-4989-9211-FC25AE856182}
	EndGlobalSection
EndGlobal
